
Microsoft Visual Studio Solution File, Format Version 12.00
# Visual Studio Version 17
VisualStudioVersion = 17.8.34601.278
MinimumVisualStudioVersion = 10.0.40219.1
Project("{FAE04EC0-301F-11D3-BF4B-00C04F79EFBC}") = "Fundamentos.c#.Cap02.Decisao", "Fundamentos.c#.Cap02.Decisao.csproj", "{DC28DB38-6A0F-40F9-9F70-2BBBDA646AC0}"
EndProject
Global
	GlobalSection(SolutionConfigurationPlatforms) = preSolution
		Debug|Any CPU = Debug|Any CPU
		Release|Any CPU = Release|Any CPU
	EndGlobalSection
	GlobalSection(ProjectConfigurationPlatforms) = postSolution
		{DC28DB38-6A0F-40F9-9F70-2BBBDA646AC0}.Debug|Any CPU.ActiveCfg = Debug|Any CPU
		{DC28DB38-6A0F-40F9-9F70-2BBBDA646AC0}.Debug|Any CPU.Build.0 = Debug|Any CPU
		{DC28DB38-6A0F-40F9-9F70-2BBBDA646AC0}.Release|Any CPU.ActiveCfg = Release|Any CPU
		{DC28DB38-6A0F-40F9-9F70-2BBBDA646AC0}.Release|Any CPU.Build.0 = Release|Any CPU
	EndGlobalSection
	GlobalSection(SolutionProperties) = preSolution
		HideSolutionNode = FALSE
	EndGlobalSection
	GlobalSection(ExtensibilityGlobals) = postSolution
		SolutionGuid = {E214700C-D0F0-431F-B9FE-CEFA54B7B427}
	EndGlobalSection
EndGlobal
