
Microsoft Visual Studio Solution File, Format Version 12.00
# Visual Studio Version 17
VisualStudioVersion = 17.8.34601.278
MinimumVisualStudioVersion = 10.0.40219.1
Project("{FAE04EC0-301F-11D3-BF4B-00C04F79EFBC}") = "Aula4Exercicio", "Aula4Exercicio.csproj", "{07A8F563-34D0-4378-9DAA-AA58F88A93ED}"
EndProject
Global
	GlobalSection(SolutionConfigurationPlatforms) = preSolution
		Debug|Any CPU = Debug|Any CPU
		Release|Any CPU = Release|Any CPU
	EndGlobalSection
	GlobalSection(ProjectConfigurationPlatforms) = postSolution
		{07A8F563-34D0-4378-9DAA-AA58F88A93ED}.Debug|Any CPU.ActiveCfg = Debug|Any CPU
		{07A8F563-34D0-4378-9DAA-AA58F88A93ED}.Debug|Any CPU.Build.0 = Debug|Any CPU
		{07A8F563-34D0-4378-9DAA-AA58F88A93ED}.Release|Any CPU.ActiveCfg = Release|Any CPU
		{07A8F563-34D0-4378-9DAA-AA58F88A93ED}.Release|Any CPU.Build.0 = Release|Any CPU
	EndGlobalSection
	GlobalSection(SolutionProperties) = preSolution
		HideSolutionNode = FALSE
	EndGlobalSection
	GlobalSection(ExtensibilityGlobals) = postSolution
		SolutionGuid = {89C8DFB2-D257-40AE-B233-BEFD0A39360C}
	EndGlobalSection
EndGlobal
